
Microsoft Visual Studio Solution File, Format Version 12.00
# Visual Studio Version 17
VisualStudioVersion = 17.13.35931.197
MinimumVisualStudioVersion = 10.0.40219.1
Project("{FAE04EC0-301F-11D3-BF4B-00C04F79EFBC}") = "StudyMateTest", "StudyMateTest.csproj", "{779B1FD9-98CA-8FE0-96D9-80136AF093D8}"
EndProject
Global
	GlobalSection(SolutionConfigurationPlatforms) = preSolution
		Debug|Any CPU = Debug|Any CPU
		Release|Any CPU = Release|Any CPU
	EndGlobalSection
	GlobalSection(ProjectConfigurationPlatforms) = postSolution
		{779B1FD9-98CA-8FE0-96D9-80136AF093D8}.Debug|Any CPU.ActiveCfg = Debug|Any CPU
		{779B1FD9-98CA-8FE0-96D9-80136AF093D8}.Debug|Any CPU.Build.0 = Debug|Any CPU
		{779B1FD9-98CA-8FE0-96D9-80136AF093D8}.Debug|Any CPU.Deploy.0 = Debug|Any CPU
		{779B1FD9-98CA-8FE0-96D9-80136AF093D8}.Release|Any CPU.ActiveCfg = Release|Any CPU
		{779B1FD9-98CA-8FE0-96D9-80136AF093D8}.Release|Any CPU.Build.0 = Release|Any CPU
		{779B1FD9-98CA-8FE0-96D9-80136AF093D8}.Release|Any CPU.Deploy.0 = Release|Any CPU
	EndGlobalSection
	GlobalSection(SolutionProperties) = preSolution
		HideSolutionNode = FALSE
	EndGlobalSection
	GlobalSection(ExtensibilityGlobals) = postSolution
		SolutionGuid = {15BA1685-276A-4382-8185-3A496616F0BB}
	EndGlobalSection
EndGlobal
